// !$*UTF8*$!
{
	archiveVersion = 1;
	classes = {
	};
	objectVersion = 77;
	objects = {

/* Begin PBXContainerItemProxy section */
		000D810A2CFFCCEF00CF68CF /* PBXContainerItemProxy */ = {
			isa = PBXContainerItemProxy;
			containerPortal = 000D80EB2CFFCCED00CF68CF /* Project object */;
			proxyType = 1;
			remoteGlobalIDString = 000D80F22CFFCCED00CF68CF;
			remoteInfo = APItableViewPersonProgramatically;
		};
		000D81142CFFCCEF00CF68CF /* PBXContainerItemProxy */ = {
			isa = PBXContainerItemProxy;
			containerPortal = 000D80EB2CFFCCED00CF68CF /* Project object */;
			proxyType = 1;
			remoteGlobalIDString = 000D80F22CFFCCED00CF68CF;
			remoteInfo = APItableViewPersonProgramatically;
		};
/* End PBXContainerItemProxy section */

/* Begin PBXFileReference section */
		000D80F32CFFCCED00CF68CF /* APItableViewPersonProgramatically.app */ = {isa = PBXFileReference; explicitFileType = wrapper.application; includeInIndex = 0; path = APItableViewPersonProgramatically.app; sourceTree = BUILT_PRODUCTS_DIR; };
		000D81092CFFCCEF00CF68CF /* APItableViewPersonProgramaticallyTests.xctest */ = {isa = PBXFileReference; explicitFileType = wrapper.cfbundle; includeInIndex = 0; path = APItableViewPersonProgramaticallyTests.xctest; sourceTree = BUILT_PRODUCTS_DIR; };
		000D81132CFFCCEF00CF68CF /* APItableViewPersonProgramaticallyUITests.xctest */ = {isa = PBXFileReference; explicitFileType = wrapper.cfbundle; includeInIndex = 0; path = APItableViewPersonProgramaticallyUITests.xctest; sourceTree = BUILT_PRODUCTS_DIR; };
/* End PBXFileReference section */

/* Begin PBXFileSystemSynchronizedBuildFileExceptionSet section */
		000D811B2CFFCCEF00CF68CF /* Exceptions for "APItableViewPersonProgramatically" folder in "APItableViewPersonProgramatically" target */ = {
			isa = PBXFileSystemSynchronizedBuildFileExceptionSet;
			membershipExceptions = (
				Info.plist,
			);
			target = 000D80F22CFFCCED00CF68CF /* APItableViewPersonProgramatically */;
		};
/* End PBXFileSystemSynchronizedBuildFileExceptionSet section */

/* Begin PBXFileSystemSynchronizedRootGroup section */
		000D80F52CFFCCED00CF68CF /* APItableViewPersonProgramatically */ = {
			isa = PBXFileSystemSynchronizedRootGroup;
			exceptions = (
				000D811B2CFFCCEF00CF68CF /* Exceptions for "APItableViewPersonProgramatically" folder in "APItableViewPersonProgramatically" target */,
			);
			path = APItableViewPersonProgramatically;
			sourceTree = "<group>";
		};
		000D810C2CFFCCEF00CF68CF /* APItableViewPersonProgramaticallyTests */ = {
			isa = PBXFileSystemSynchronizedRootGroup;
			path = APItableViewPersonProgramaticallyTests;
			sourceTree = "<group>";
		};
		000D81162CFFCCEF00CF68CF /* APItableViewPersonProgramaticallyUITests */ = {
			isa = PBXFileSystemSynchronizedRootGroup;
			path = APItableViewPersonProgramaticallyUITests;
			sourceTree = "<group>";
		};
/* End PBXFileSystemSynchronizedRootGroup section */

/* Begin PBXFrameworksBuildPhase section */
		000D80F02CFFCCED00CF68CF /* Frameworks */ = {
			isa = PBXFrameworksBuildPhase;
			buildActionMask = 2147483647;
			files = (
			);
			runOnlyForDeploymentPostprocessing = 0;
		};
		000D81062CFFCCEF00CF68CF /* Frameworks */ = {
			isa = PBXFrameworksBuildPhase;
			buildActionMask = 2147483647;
			files = (
			);
			runOnlyForDeploymentPostprocessing = 0;
		};
		000D81102CFFCCEF00CF68CF /* Frameworks */ = {
			isa = PBXFrameworksBuildPhase;
			buildActionMask = 2147483647;
			files = (
			);
			runOnlyForDeploymentPostprocessing = 0;
		};
/* End PBXFrameworksBuildPhase section */

/* Begin PBXGroup section */
		000D80EA2CFFCCED00CF68CF = {
			isa = PBXGroup;
			children = (
				000D80F52CFFCCED00CF68CF /* APItableViewPersonProgramatically */,
				000D810C2CFFCCEF00CF68CF /* APItableViewPersonProgramaticallyTests */,
				000D81162CFFCCEF00CF68CF /* APItableViewPersonProgramaticallyUITests */,
				000D80F42CFFCCED00CF68CF /* Products */,
			);
			sourceTree = "<group>";
		};
		000D80F42CFFCCED00CF68CF /* Products */ = {
			isa = PBXGroup;
			children = (
				000D80F32CFFCCED00CF68CF /* APItableViewPersonProgramatically.app */,
				000D81092CFFCCEF00CF68CF /* APItableViewPersonProgramaticallyTests.xctest */,
				000D81132CFFCCEF00CF68CF /* APItableViewPersonProgramaticallyUITests.xctest */,
			);
			name = Products;
			sourceTree = "<group>";
		};
/* End PBXGroup section */

/* Begin PBXNativeTarget section */
		000D80F22CFFCCED00CF68CF /* APItableViewPersonProgramatically */ = {
			isa = PBXNativeTarget;
			buildConfigurationList = 000D811C2CFFCCEF00CF68CF /* Build configuration list for PBXNativeTarget "APItableViewPersonProgramatically" */;
			buildPhases = (
				000D80EF2CFFCCED00CF68CF /* Sources */,
				000D80F02CFFCCED00CF68CF /* Frameworks */,
				000D80F12CFFCCED00CF68CF /* Resources */,
			);
			buildRules = (
			);
			dependencies = (
			);
			fileSystemSynchronizedGroups = (
				000D80F52CFFCCED00CF68CF /* APItableViewPersonProgramatically */,
			);
			name = APItableViewPersonProgramatically;
			packageProductDependencies = (
			);
			productName = APItableViewPersonProgramatically;
			productReference = 000D80F32CFFCCED00CF68CF /* APItableViewPersonProgramatically.app */;
			productType = "com.apple.product-type.application";
		};
		000D81082CFFCCEF00CF68CF /* APItableViewPersonProgramaticallyTests */ = {
			isa = PBXNativeTarget;
			buildConfigurationList = 000D81212CFFCCEF00CF68CF /* Build configuration list for PBXNativeTarget "APItableViewPersonProgramaticallyTests" */;
			buildPhases = (
				000D81052CFFCCEF00CF68CF /* Sources */,
				000D81062CFFCCEF00CF68CF /* Frameworks */,
				000D81072CFFCCEF00CF68CF /* Resources */,
			);
			buildRules = (
			);
			dependencies = (
				000D810B2CFFCCEF00CF68CF /* PBXTargetDependency */,
			);
			fileSystemSynchronizedGroups = (
				000D810C2CFFCCEF00CF68CF /* APItableViewPersonProgramaticallyTests */,
			);
			name = APItableViewPersonProgramaticallyTests;
			packageProductDependencies = (
			);
			productName = APItableViewPersonProgramaticallyTests;
			productReference = 000D81092CFFCCEF00CF68CF /* APItableViewPersonProgramaticallyTests.xctest */;
			productType = "com.apple.product-type.bundle.unit-test";
		};
		000D81122CFFCCEF00CF68CF /* APItableViewPersonProgramaticallyUITests */ = {
			isa = PBXNativeTarget;
			buildConfigurationList = 000D81242CFFCCEF00CF68CF /* Build configuration list for PBXNativeTarget "APItableViewPersonProgramaticallyUITests" */;
			buildPhases = (
				000D810F2CFFCCEF00CF68CF /* Sources */,
				000D81102CFFCCEF00CF68CF /* Frameworks */,
				000D81112CFFCCEF00CF68CF /* Resources */,
			);
			buildRules = (
			);
			dependencies = (
				000D81152CFFCCEF00CF68CF /* PBXTargetDependency */,
			);
			fileSystemSynchronizedGroups = (
				000D81162CFFCCEF00CF68CF /* APItableViewPersonProgramaticallyUITests */,
			);
			name = APItableViewPersonProgramaticallyUITests;
			packageProductDependencies = (
			);
			productName = APItableViewPersonProgramaticallyUITests;
			productReference = 000D81132CFFCCEF00CF68CF /* APItableViewPersonProgramaticallyUITests.xctest */;
			productType = "com.apple.product-type.bundle.ui-testing";
		};
/* End PBXNativeTarget section */

/* Begin PBXProject section */
		000D80EB2CFFCCED00CF68CF /* Project object */ = {
			isa = PBXProject;
			attributes = {
				BuildIndependentTargetsInParallel = 1;
				LastSwiftUpdateCheck = 1600;
				LastUpgradeCheck = 1600;
				TargetAttributes = {
					000D80F22CFFCCED00CF68CF = {
						CreatedOnToolsVersion = 16.0;
					};
					000D81082CFFCCEF00CF68CF = {
						CreatedOnToolsVersion = 16.0;
						TestTargetID = 000D80F22CFFCCED00CF68CF;
					};
					000D81122CFFCCEF00CF68CF = {
						CreatedOnToolsVersion = 16.0;
						TestTargetID = 000D80F22CFFCCED00CF68CF;
					};
				};
			};
			buildConfigurationList = 000D80EE2CFFCCED00CF68CF /* Build configuration list for PBXProject "APItableViewPersonProgramatically" */;
			developmentRegion = en;
			hasScannedForEncodings = 0;
			knownRegions = (
				en,
				Base,
			);
			mainGroup = 000D80EA2CFFCCED00CF68CF;
			minimizedProjectReferenceProxies = 1;
			preferredProjectObjectVersion = 77;
			productRefGroup = 000D80F42CFFCCED00CF68CF /* Products */;
			projectDirPath = "";
			projectRoot = "";
			targets = (
				000D80F22CFFCCED00CF68CF /* APItableViewPersonProgramatically */,
				000D81082CFFCCEF00CF68CF /* APItableViewPersonProgramaticallyTests */,
				000D81122CFFCCEF00CF68CF /* APItableViewPersonProgramaticallyUITests */,
			);
		};
/* End PBXProject section */

/* Begin PBXResourcesBuildPhase section */
		000D80F12CFFCCED00CF68CF /* Resources */ = {
			isa = PBXResourcesBuildPhase;
			buildActionMask = 2147483647;
			files = (
			);
			runOnlyForDeploymentPostprocessing = 0;
		};
		000D81072CFFCCEF00CF68CF /* Resources */ = {
			isa = PBXResourcesBuildPhase;
			buildActionMask = 2147483647;
			files = (
			);
			runOnlyForDeploymentPostprocessing = 0;
		};
		000D81112CFFCCEF00CF68CF /* Resources */ = {
			isa = PBXResourcesBuildPhase;
			buildActionMask = 2147483647;
			files = (
			);
			runOnlyForDeploymentPostprocessing = 0;
		};
/* End PBXResourcesBuildPhase section */

/* Begin PBXSourcesBuildPhase section */
		000D80EF2CFFCCED00CF68CF /* Sources */ = {
			isa = PBXSourcesBuildPhase;
			buildActionMask = 2147483647;
			files = (
			);
			runOnlyForDeploymentPostprocessing = 0;
		};
		000D81052CFFCCEF00CF68CF /* Sources */ = {
			isa = PBXSourcesBuildPhase;
			buildActionMask = 2147483647;
			files = (
			);
			runOnlyForDeploymentPostprocessing = 0;
		};
		000D810F2CFFCCEF00CF68CF /* Sources */ = {
			isa = PBXSourcesBuildPhase;
			buildActionMask = 2147483647;
			files = (
			);
			runOnlyForDeploymentPostprocessing = 0;
		};
/* End PBXSourcesBuildPhase section */

/* Begin PBXTargetDependency section */
		000D810B2CFFCCEF00CF68CF /* PBXTargetDependency */ = {
			isa = PBXTargetDependency;
			target = 000D80F22CFFCCED00CF68CF /* APItableViewPersonProgramatically */;
			targetProxy = 000D810A2CFFCCEF00CF68CF /* PBXContainerItemProxy */;
		};
		000D81152CFFCCEF00CF68CF /* PBXTargetDependency */ = {
			isa = PBXTargetDependency;
			target = 000D80F22CFFCCED00CF68CF /* APItableViewPersonProgramatically */;
			targetProxy = 000D81142CFFCCEF00CF68CF /* PBXContainerItemProxy */;
		};
/* End PBXTargetDependency section */

/* Begin XCBuildConfiguration section */
		000D811D2CFFCCEF00CF68CF /* Debug */ = {
			isa = XCBuildConfiguration;
			buildSettings = {
				ASSETCATALOG_COMPILER_APPICON_NAME = AppIcon;
				ASSETCATALOG_COMPILER_GLOBAL_ACCENT_COLOR_NAME = AccentColor;
				CODE_SIGN_STYLE = Automatic;
				CURRENT_PROJECT_VERSION = 1;
				DEVELOPMENT_TEAM = AZ7377FV92;
				GENERATE_INFOPLIST_FILE = YES;
				INFOPLIST_FILE = APItableViewPersonProgramatically/Info.plist;
				INFOPLIST_KEY_UIApplicationSupportsIndirectInputEvents = YES;
				INFOPLIST_KEY_UILaunchStoryboardName = LaunchScreen;
				INFOPLIST_KEY_UIMainStoryboardFile = Main;
				INFOPLIST_KEY_UISupportedInterfaceOrientations_iPad = "UIInterfaceOrientationPortrait UIInterfaceOrientationPortraitUpsideDown UIInterfaceOrientationLandscapeLeft UIInterfaceOrientationLandscapeRight";
				INFOPLIST_KEY_UISupportedInterfaceOrientations_iPhone = "UIInterfaceOrientationPortrait UIInterfaceOrientationLandscapeLeft UIInterfaceOrientationLandscapeRight";
				LD_RUNPATH_SEARCH_PATHS = (
					"$(inherited)",
					"@executable_path/Frameworks",
				);
				MARKETING_VERSION = 1.0;
				PRODUCT_BUNDLE_IDENTIFIER = com.dharmamithra.APItableViewPersonProgramatically;
				PRODUCT_NAME = "$(TARGET_NAME)";
				SWIFT_EMIT_LOC_STRINGS = YES;
				SWIFT_VERSION = 5.0;
				TARGETED_DEVICE_FAMILY = "1,2";
			};
			name = Debug;
		};
		000D811E2CFFCCEF00CF68CF /* Release */ = {
			isa = XCBuildConfiguration;
			buildSettings = {
				ASSETCATALOG_COMPILER_APPICON_NAME = AppIcon;
				ASSETCATALOG_COMPILER_GLOBAL_ACCENT_COLOR_NAME = AccentColor;
				CODE_SIGN_STYLE = Automatic;
				CURRENT_PROJECT_VERSION = 1;
				DEVELOPMENT_TEAM = AZ7377FV92;
				GENERATE_INFOPLIST_FILE = YES;
				INFOPLIST_FILE = APItableViewPersonProgramatically/Info.plist;
				INFOPLIST_KEY_UIApplicationSupportsIndirectInputEvents = YES;
				INFOPLIST_KEY_UILaunchStoryboardName = LaunchScreen;
				INFOPLIST_KEY_UIMainStoryboardFile = Main;
				INFOPLIST_KEY_UISupportedInterfaceOrientations_iPad = "UIInterfaceOrientationPortrait UIInterfaceOrientationPortraitUpsideDown UIInterfaceOrientationLandscapeLeft UIInterfaceOrientationLandscapeRight";
				INFOPLIST_KEY_UISupportedInterfaceOrientations_iPhone = "UIInterfaceOrientationPortrait UIInterfaceOrientationLandscapeLeft UIInterfaceOrientationLandscapeRight";
				LD_RUNPATH_SEARCH_PATHS = (
					"$(inherited)",
					"@executable_path/Frameworks",
				);
				MARKETING_VERSION = 1.0;
				PRODUCT_BUNDLE_IDENTIFIER = com.dharmamithra.APItableViewPersonProgramatically;
				PRODUCT_NAME = "$(TARGET_NAME)";
				SWIFT_EMIT_LOC_STRINGS = YES;
				SWIFT_VERSION = 5.0;
				TARGETED_DEVICE_FAMILY = "1,2";
			};
			name = Release;
		};
		000D811F2CFFCCEF00CF68CF /* Debug */ = {
			isa = XCBuildConfiguration;
			buildSettings = {
				ALWAYS_SEARCH_USER_PATHS = NO;
				ASSETCATALOG_COMPILER_GENERATE_SWIFT_ASSET_SYMBOL_EXTENSIONS = YES;
				CLANG_ANALYZER_NONNULL = YES;
				CLANG_ANALYZER_NUMBER_OBJECT_CONVERSION = YES_AGGRESSIVE;
				CLANG_CXX_LANGUAGE_STANDARD = "gnu++20";
				CLANG_ENABLE_MODULES = YES;
				CLANG_ENABLE_OBJC_ARC = YES;
				CLANG_ENABLE_OBJC_WEAK = YES;
				CLANG_WARN_BLOCK_CAPTURE_AUTORELEASING = YES;
				CLANG_WARN_BOOL_CONVERSION = YES;
				CLANG_WARN_COMMA = YES;
				CLANG_WARN_CONSTANT_CONVERSION = YES;
				CLANG_WARN_DEPRECATED_OBJC_IMPLEMENTATIONS = YES;
				CLANG_WARN_DIRECT_OBJC_ISA_USAGE = YES_ERROR;
				CLANG_WARN_DOCUMENTATION_COMMENTS = YES;
				CLANG_WARN_EMPTY_BODY = YES;
				CLANG_WARN_ENUM_CONVERSION = YES;
				CLANG_WARN_INFINITE_RECURSION = YES;
				CLANG_WARN_INT_CONVERSION = YES;
				CLANG_WARN_NON_LITERAL_NULL_CONVERSION = YES;
				CLANG_WARN_OBJC_IMPLICIT_RETAIN_SELF = YES;
				CLANG_WARN_OBJC_LITERAL_CONVERSION = YES;
				CLANG_WARN_OBJC_ROOT_CLASS = YES_ERROR;
				CLANG_WARN_QUOTED_INCLUDE_IN_FRAMEWORK_HEADER = YES;
				CLANG_WARN_RANGE_LOOP_ANALYSIS = YES;
				CLANG_WARN_STRICT_PROTOTYPES = YES;
				CLANG_WARN_SUSPICIOUS_MOVE = YES;
				CLANG_WARN_UNGUARDED_AVAILABILITY = YES_AGGRESSIVE;
				CLANG_WARN_UNREACHABLE_CODE = YES;
				CLANG_WARN__DUPLICATE_METHOD_MATCH = YES;
				COPY_PHASE_STRIP = NO;
				DEBUG_INFORMATION_FORMAT = dwarf;
				ENABLE_STRICT_OBJC_MSGSEND = YES;
				ENABLE_TESTABILITY = YES;
				ENABLE_USER_SCRIPT_SANDBOXING = YES;
				GCC_C_LANGUAGE_STANDARD = gnu17;
				GCC_DYNAMIC_NO_PIC = NO;
				GCC_NO_COMMON_BLOCKS = YES;
				GCC_OPTIMIZATION_LEVEL = 0;
				GCC_PREPROCESSOR_DEFINITIONS = (
					"DEBUG=1",
					"$(inherited)",
				);
				GCC_WARN_64_TO_32_BIT_CONVERSION = YES;
				GCC_WARN_ABOUT_RETURN_TYPE = YES_ERROR;
				GCC_WARN_UNDECLARED_SELECTOR = YES;
				GCC_WARN_UNINITIALIZED_AUTOS = YES_AGGRESSIVE;
				GCC_WARN_UNUSED_FUNCTION = YES;
				GCC_WARN_UNUSED_VARIABLE = YES;
				IPHONEOS_DEPLOYMENT_TARGET = 18.0;
				LOCALIZATION_PREFERS_STRING_CATALOGS = YES;
				MTL_ENABLE_DEBUG_INFO = INCLUDE_SOURCE;
				MTL_FAST_MATH = YES;
				ONLY_ACTIVE_ARCH = YES;
				SDKROOT = iphoneos;
				SWIFT_ACTIVE_COMPILATION_CONDITIONS = "DEBUG $(inherited)";
				SWIFT_OPTIMIZATION_LEVEL = "-Onone";
			};
			name = Debug;
		};
		000D81202CFFCCEF00CF68CF /* Release */ = {
			isa = XCBuildConfiguration;
			buildSettings = {
				ALWAYS_SEARCH_USER_PATHS = NO;
				ASSETCATALOG_COMPILER_GENERATE_SWIFT_ASSET_SYMBOL_EXTENSIONS = YES;
				CLANG_ANALYZER_NONNULL = YES;
				CLANG_ANALYZER_NUMBER_OBJECT_CONVERSION = YES_AGGRESSIVE;
				CLANG_CXX_LANGUAGE_STANDARD = "gnu++20";
				CLANG_ENABLE_MODULES = YES;
				CLANG_ENABLE_OBJC_ARC = YES;
				CLANG_ENABLE_OBJC_WEAK = YES;
				CLANG_WARN_BLOCK_CAPTURE_AUTORELEASING = YES;
				CLANG_WARN_BOOL_CONVERSION = YES;
				CLANG_WARN_COMMA = YES;
				CLANG_WARN_CONSTANT_CONVERSION = YES;
				CLANG_WARN_DEPRECATED_OBJC_IMPLEMENTATIONS = YES;
				CLANG_WARN_DIRECT_OBJC_ISA_USAGE = YES_ERROR;
				CLANG_WARN_DOCUMENTATION_COMMENTS = YES;
				CLANG_WARN_EMPTY_BODY = YES;
				CLANG_WARN_ENUM_CONVERSION = YES;
				CLANG_WARN_INFINITE_RECURSION = YES;
				CLANG_WARN_INT_CONVERSION = YES;
				CLANG_WARN_NON_LITERAL_NULL_CONVERSION = YES;
				CLANG_WARN_OBJC_IMPLICIT_RETAIN_SELF = YES;
				CLANG_WARN_OBJC_LITERAL_CONVERSION = YES;
				CLANG_WARN_OBJC_ROOT_CLASS = YES_ERROR;
				CLANG_WARN_QUOTED_INCLUDE_IN_FRAMEWORK_HEADER = YES;
				CLANG_WARN_RANGE_LOOP_ANALYSIS = YES;
				CLANG_WARN_STRICT_PROTOTYPES = YES;
				CLANG_WARN_SUSPICIOUS_MOVE = YES;
				CLANG_WARN_UNGUARDED_AVAILABILITY = YES_AGGRESSIVE;
				CLANG_WARN_UNREACHABLE_CODE = YES;
				CLANG_WARN__DUPLICATE_METHOD_MATCH = YES;
				COPY_PHASE_STRIP = NO;
				DEBUG_INFORMATION_FORMAT = "dwarf-with-dsym";
				ENABLE_NS_ASSERTIONS = NO;
				ENABLE_STRICT_OBJC_MSGSEND = YES;
				ENABLE_USER_SCRIPT_SANDBOXING = YES;
				GCC_C_LANGUAGE_STANDARD = gnu17;
				GCC_NO_COMMON_BLOCKS = YES;
				GCC_WARN_64_TO_32_BIT_CONVERSION = YES;
				GCC_WARN_ABOUT_RETURN_TYPE = YES_ERROR;
				GCC_WARN_UNDECLARED_SELECTOR = YES;
				GCC_WARN_UNINITIALIZED_AUTOS = YES_AGGRESSIVE;
				GCC_WARN_UNUSED_FUNCTION = YES;
				GCC_WARN_UNUSED_VARIABLE = YES;
				IPHONEOS_DEPLOYMENT_TARGET = 18.0;
				LOCALIZATION_PREFERS_STRING_CATALOGS = YES;
				MTL_ENABLE_DEBUG_INFO = NO;
				MTL_FAST_MATH = YES;
				SDKROOT = iphoneos;
				SWIFT_COMPILATION_MODE = wholemodule;
				VALIDATE_PRODUCT = YES;
			};
			name = Release;
		};
		000D81222CFFCCEF00CF68CF /* Debug */ = {
			isa = XCBuildConfiguration;
			buildSettings = {
				BUNDLE_LOADER = "$(TEST_HOST)";
				CODE_SIGN_STYLE = Automatic;
				CURRENT_PROJECT_VERSION = 1;
				DEVELOPMENT_TEAM = AZ7377FV92;
				GENERATE_INFOPLIST_FILE = YES;
				IPHONEOS_DEPLOYMENT_TARGET = 18.0;
				MARKETING_VERSION = 1.0;
				PRODUCT_BUNDLE_IDENTIFIER = com.dharmamithra.APItableViewPersonProgramaticallyTests;
				PRODUCT_NAME = "$(TARGET_NAME)";
				SWIFT_EMIT_LOC_STRINGS = NO;
				SWIFT_VERSION = 5.0;
				TARGETED_DEVICE_FAMILY = "1,2";
				TEST_HOST = "$(BUILT_PRODUCTS_DIR)/APItableViewPersonProgramatically.app/$(BUNDLE_EXECUTABLE_FOLDER_PATH)/APItableViewPersonProgramatically";
			};
			name = Debug;
		};
		000D81232CFFCCEF00CF68CF /* Release */ = {
			isa = XCBuildConfiguration;
			buildSettings = {
				BUNDLE_LOADER = "$(TEST_HOST)";
				CODE_SIGN_STYLE = Automatic;
				CURRENT_PROJECT_VERSION = 1;
				DEVELOPMENT_TEAM = AZ7377FV92;
				GENERATE_INFOPLIST_FILE = YES;
				IPHONEOS_DEPLOYMENT_TARGET = 18.0;
				MARKETING_VERSION = 1.0;
				PRODUCT_BUNDLE_IDENTIFIER = com.dharmamithra.APItableViewPersonProgramaticallyTests;
				PRODUCT_NAME = "$(TARGET_NAME)";
				SWIFT_EMIT_LOC_STRINGS = NO;
				SWIFT_VERSION = 5.0;
				TARGETED_DEVICE_FAMILY = "1,2";
				TEST_HOST = "$(BUILT_PRODUCTS_DIR)/APItableViewPersonProgramatically.app/$(BUNDLE_EXECUTABLE_FOLDER_PATH)/APItableViewPersonProgramatically";
			};
			name = Release;
		};
		000D81252CFFCCEF00CF68CF /* Debug */ = {
			isa = XCBuildConfiguration;
			buildSettings = {
				CODE_SIGN_STYLE = Automatic;
				CURRENT_PROJECT_VERSION = 1;
				DEVELOPMENT_TEAM = AZ7377FV92;
				GENERATE_INFOPLIST_FILE = YES;
				MARKETING_VERSION = 1.0;
				PRODUCT_BUNDLE_IDENTIFIER = com.dharmamithra.APItableViewPersonProgramaticallyUITests;
				PRODUCT_NAME = "$(TARGET_NAME)";
				SWIFT_EMIT_LOC_STRINGS = NO;
				SWIFT_VERSION = 5.0;
				TARGETED_DEVICE_FAMILY = "1,2";
				TEST_TARGET_NAME = APItableViewPersonProgramatically;
			};
			name = Debug;
		};
		000D81262CFFCCEF00CF68CF /* Release */ = {
			isa = XCBuildConfiguration;
			buildSettings = {
				CODE_SIGN_STYLE = Automatic;
				CURRENT_PROJECT_VERSION = 1;
				DEVELOPMENT_TEAM = AZ7377FV92;
				GENERATE_INFOPLIST_FILE = YES;
				MARKETING_VERSION = 1.0;
				PRODUCT_BUNDLE_IDENTIFIER = com.dharmamithra.APItableViewPersonProgramaticallyUITests;
				PRODUCT_NAME = "$(TARGET_NAME)";
				SWIFT_EMIT_LOC_STRINGS = NO;
				SWIFT_VERSION = 5.0;
				TARGETED_DEVICE_FAMILY = "1,2";
				TEST_TARGET_NAME = APItableViewPersonProgramatically;
			};
			name = Release;
		};
/* End XCBuildConfiguration section */

/* Begin XCConfigurationList section */
		000D80EE2CFFCCED00CF68CF /* Build configuration list for PBXProject "APItableViewPersonProgramatically" */ = {
			isa = XCConfigurationList;
			buildConfigurations = (
				000D811F2CFFCCEF00CF68CF /* Debug */,
				000D81202CFFCCEF00CF68CF /* Release */,
			);
			defaultConfigurationIsVisible = 0;
			defaultConfigurationName = Release;
		};
		000D811C2CFFCCEF00CF68CF /* Build configuration list for PBXNativeTarget "APItableViewPersonProgramatically" */ = {
			isa = XCConfigurationList;
			buildConfigurations = (
				000D811D2CFFCCEF00CF68CF /* Debug */,
				000D811E2CFFCCEF00CF68CF /* Release */,
			);
			defaultConfigurationIsVisible = 0;
			defaultConfigurationName = Release;
		};
		000D81212CFFCCEF00CF68CF /* Build configuration list for PBXNativeTarget "APItableViewPersonProgramaticallyTests" */ = {
			isa = XCConfigurationList;
			buildConfigurations = (
				000D81222CFFCCEF00CF68CF /* Debug */,
				000D81232CFFCCEF00CF68CF /* Release */,
			);
			defaultConfigurationIsVisible = 0;
			defaultConfigurationName = Release;
		};
		000D81242CFFCCEF00CF68CF /* Build configuration list for PBXNativeTarget "APItableViewPersonProgramaticallyUITests" */ = {
			isa = XCConfigurationList;
			buildConfigurations = (
				000D81252CFFCCEF00CF68CF /* Debug */,
				000D81262CFFCCEF00CF68CF /* Release */,
			);
			defaultConfigurationIsVisible = 0;
			defaultConfigurationName = Release;
		};
/* End XCConfigurationList section */
	};
	rootObject = 000D80EB2CFFCCED00CF68CF /* Project object */;
}
